{
  "version": 4,
  "terraform_version": "1.12.1",
  "serial": 21,
  "lineage": "fd468899-cf99-cae8-ad68-4d43e0135946",
  "outputs": {
    "kms_key_arn": {
      "value": "arn:aws:kms:us-east-1:000000000000:key/bc626504-e4ef-40da-ae48-2ce00b942acb",
      "type": "string"
    },
    "s3_bucket_website_endpoint": {
      "value": "sentiment-chat-frontend-c4c93358f58da8af.s3-website-us-east-1.amazonaws.com",
      "type": "string"
    },
    "sns_topic_arn": {
      "value": "arn:aws:sns:us-east-1:000000000000:sentiment-chat-alerts",
      "type": "string"
    },
    "verified_permissions_policy_store_id": {
      "value": "kjrxG6vr9x5gbR0ecAPT35",
      "type": "string"
    }
  },
  "resources": [
    {
      "mode": "data",
      "type": "archive_file",
      "name": "connect_lambda_zip",
      "provider": "provider[\"registry.terraform.io/hashicorp/archive\"]",
      "instances": [
        {
          "schema_version": 0,
          "attributes": {
            "exclude_symlink_directories": null,
            "excludes": null,
            "id": "2280c868cccb00d9416f221be8b656cb0cfd27a2",
            "output_base64sha256": "4VOUYgvChpIAYds6iVy2vXSpMsOZVY/37kRHYhwQGTk=",
            "output_base64sha512": "z8Rj0IFuRGrjaouZ6QPe22OrfSNyEhj6xGq1wHl7IAf2KKsvddHrgjIikOtMDBK5jTWoa1xVwtW7lPFuFUv8IA==",
            "output_file_mode": null,
            "output_md5": "b2192053aa4e8bef173cabf646c64520",
            "output_path": "./lambda/connect.zip",
            "output_sha": "2280c868cccb00d9416f221be8b656cb0cfd27a2",
            "output_sha256": "e15394620bc286920061db3a895cb6bd74a932c399558ff7ee4447621c101939",
            "output_sha512": "cfc463d0816e446ae36a8b99e903dedb63ab7d23721218fac46ab5c0797b2007f628ab2f75d1eb82322290eb4c0c12b98d35a86b5c55c2d5bb94f16e154bfc20",
            "output_size": 885,
            "source": [],
            "source_content": null,
            "source_content_filename": null,
            "source_dir": "./lambda/connect",
            "source_file": null,
            "type": "zip"
          },
          "sensitive_attributes": [],
          "identity_schema_version": 0
        }
      ]
    },
    {
      "mode": "data",
      "type": "archive_file",
      "name": "disconnect_lambda_zip",
      "provider": "provider[\"registry.terraform.io/hashicorp/archive\"]",
      "instances": [
        {
          "schema_version": 0,
          "attributes": {
            "exclude_symlink_directories": null,
            "excludes": null,
            "id": "8bb9d5023367b0acd080bc4c53cb09010c2acb48",
            "output_base64sha256": "nGIAKGyvJcrsQ9Abs5edgPNUyTnb/Jz8l/+0CSKiot4=",
            "output_base64sha512": "HrMhM3ImC8eEnEwGWGqHyupP7LtJTSQ+J6vkIzH76kXChem9mH6TOS+PPAukXwvzC4YByKsYPYSBZuAx/rF8SQ==",
            "output_file_mode": null,
            "output_md5": "6c248c5454d3e1940d9102bdaad05715",
            "output_path": "./lambda/disconnect.zip",
            "output_sha": "8bb9d5023367b0acd080bc4c53cb09010c2acb48",
            "output_sha256": "9c6200286caf25caec43d01bb3979d80f354c939dbfc9cfc97ffb40922a2a2de",
            "output_sha512": "1eb3213372260bc7849c4c06586a87caea4fecbb494d243e27abe42331fbea45c285e9bd987e93392f8f3c0ba45f0bf30b8601c8ab183d848166e031feb17c49",
            "output_size": 538,
            "source": [],
            "source_content": null,
            "source_content_filename": null,
            "source_dir": "./lambda/disconnect",
            "source_file": null,
            "type": "zip"
          },
          "sensitive_attributes": [],
          "identity_schema_version": 0
        }
      ]
    },
    {
      "mode": "data",
      "type": "archive_file",
      "name": "sendmessage_lambda_zip",
      "provider": "provider[\"registry.terraform.io/hashicorp/archive\"]",
      "instances": [
        {
          "schema_version": 0,
          "attributes": {
            "exclude_symlink_directories": null,
            "excludes": null,
            "id": "9be3df2eace18d5ea6aa0ef8541d65e55821d5cc",
            "output_base64sha256": "i20CUOXY58bZHqGXW5mL17DOoONk+VmSXY1aRs+KOq8=",
            "output_base64sha512": "n7AGDR5iqKF8vQByU3p1/cLxC9dWKXsBESJapIaIlbGmX0r++D/2SNzcs2eEEiAEuzfdyNqBcTjhQH5VyGj3Xw==",
            "output_file_mode": null,
            "output_md5": "7b4c9d78f0e6c6e114dbff21aa26f431",
            "output_path": "./lambda/sendmessage.zip",
            "output_sha": "9be3df2eace18d5ea6aa0ef8541d65e55821d5cc",
            "output_sha256": "8b6d0250e5d8e7c6d91ea1975b998bd7b0cea0e364f959925d8d5a46cf8a3aaf",
            "output_sha512": "9fb0060d1e62a8a17cbd0072537a75fdc2f10bd756297b0111225aa4868895b1a65f4afef83ff648dcdcb36784122004bb37ddc8da817138e1407e55c868f75f",
            "output_size": 1703,
            "source": [],
            "source_content": null,
            "source_content_filename": null,
            "source_dir": "./lambda/sendmessage",
            "source_file": null,
            "type": "zip"
          },
          "sensitive_attributes": [],
          "identity_schema_version": 0
        }
      ]
    },
    {
      "mode": "managed",
      "type": "aws_apigatewayv2_api",
      "name": "websocket_api",
      "provider": "provider[\"registry.terraform.io/hashicorp/aws\"]",
      "instances": [
        {
          "schema_version": 0,
          "attributes": {
            "api_endpoint": "ws://localhost.localstack.cloud:4510",
            "api_key_selection_expression": "$request.header.x-api-key",
            "arn": "arn:aws:apigateway:us-east-1::/apis/e61c5beb",
            "body": null,
            "cors_configuration": [],
            "credentials_arn": null,
            "description": "",
            "disable_execute_api_endpoint": false,
            "execution_arn": "arn:aws:execute-api:us-east-1:000000000000:e61c5beb",
            "fail_on_warnings": null,
            "id": "e61c5beb",
            "ip_address_type": "ipv4",
            "name": "sentiment-chat-api",
            "protocol_type": "WEBSOCKET",
            "route_key": null,
            "route_selection_expression": "$request.body.action",
            "tags": null,
            "tags_all": {},
            "target": null,
            "version": ""
          },
          "sensitive_attributes": [],
          "identity_schema_version": 0,
          "private": "bnVsbA=="
        }
      ]
    },
    {
      "mode": "managed",
      "type": "aws_iam_policy",
      "name": "lambda_policy",
      "provider": "provider[\"registry.terraform.io/hashicorp/aws\"]",
      "instances": [
        {
          "schema_version": 0,
          "attributes": {
            "arn": "arn:aws:iam::000000000000:policy/sentiment-chat-lambda-policy",
            "attachment_count": 0,
            "description": "Policy for the sentiment chat Lambda functions",
            "id": "arn:aws:iam::000000000000:policy/sentiment-chat-lambda-policy",
            "name": "sentiment-chat-lambda-policy",
            "name_prefix": "",
            "path": "/",
            "policy": "{\"Statement\":[{\"Action\":[\"logs:CreateLogGroup\",\"logs:CreateLogStream\",\"logs:PutLogEvents\"],\"Effect\":\"Allow\",\"Resource\":\"arn:aws:logs:*:*:*\"},{\"Action\":[\"ec2:CreateNetworkInterface\",\"ec2:DescribeNetworkInterfaces\",\"ec2:DeleteNetworkInterface\"],\"Effect\":\"Allow\",\"Resource\":\"*\"},{\"Action\":\"bedrock:InvokeModel\",\"Effect\":\"Allow\",\"Resource\":\"arn:aws:bedrock:us-east-1::foundation-model/anthropic.claude-3-sonnet-20240229-v1:0\"},{\"Action\":\"sns:Publish\",\"Effect\":\"Allow\",\"Resource\":\"arn:aws:sns:us-east-1:000000000000:sentiment-chat-alerts\"},{\"Action\":\"kms:GenerateDataKey\",\"Effect\":\"Allow\",\"Resource\":\"arn:aws:kms:us-east-1:000000000000:key/bc626504-e4ef-40da-ae48-2ce00b942acb\"},{\"Action\":[\"verifiedpermissions:IsAuthorized\",\"verifiedpermissions:GetSchema\"],\"Effect\":\"Allow\",\"Resource\":\"arn:aws:verifiedpermissions::000000000000:policy-store/kjrxG6vr9x5gbR0ecAPT35\"},{\"Action\":\"execute-api:ManageConnections\",\"Effect\":\"Allow\",\"Resource\":\"arn:aws:execute-api:us-east-1:*:*/*\"}],\"Version\":\"2012-10-17\"}",
            "policy_id": "AYXNB049RDRLALWEZQ6GV",
            "tags": null,
            "tags_all": {}
          },
          "sensitive_attributes": [],
          "identity_schema_version": 0,
          "private": "bnVsbA==",
          "dependencies": [
            "aws_kms_key.main",
            "aws_sns_topic.alerts",
            "aws_verifiedpermissions_policy_store.main"
          ]
        }
      ]
    },
    {
      "mode": "managed",
      "type": "aws_iam_role",
      "name": "lambda_execution_role",
      "provider": "provider[\"registry.terraform.io/hashicorp/aws\"]",
      "instances": [
        {
          "schema_version": 0,
          "attributes": {
            "arn": "arn:aws:iam::000000000000:role/sentiment-chat-lambda-execution-role",
            "assume_role_policy": "{\"Statement\":[{\"Action\":\"sts:AssumeRole\",\"Effect\":\"Allow\",\"Principal\":{\"Service\":\"lambda.amazonaws.com\"}}],\"Version\":\"2012-10-17\"}",
            "create_date": "2025-07-23T10:02:03Z",
            "description": "",
            "force_detach_policies": false,
            "id": "sentiment-chat-lambda-execution-role",
            "inline_policy": [],
            "managed_policy_arns": [],
            "max_session_duration": 3600,
            "name": "sentiment-chat-lambda-execution-role",
            "name_prefix": "",
            "path": "/",
            "permissions_boundary": "",
            "tags": null,
            "tags_all": {},
            "unique_id": "AROAQAAAAAAAC2M7HP2FE"
          },
          "sensitive_attributes": [],
          "identity_schema_version": 0,
          "private": "bnVsbA=="
        }
      ]
    },
    {
      "mode": "managed",
      "type": "aws_iam_role_policy_attachment",
      "name": "lambda_policy_attachment",
      "provider": "provider[\"registry.terraform.io/hashicorp/aws\"]",
      "instances": [
        {
          "schema_version": 0,
          "attributes": {
            "id": "sentiment-chat-lambda-execution-role-20250723100209730900000003",
            "policy_arn": "arn:aws:iam::000000000000:policy/sentiment-chat-lambda-policy",
            "role": "sentiment-chat-lambda-execution-role"
          },
          "sensitive_attributes": [],
          "identity_schema_version": 0,
          "private": "bnVsbA==",
          "dependencies": [
            "aws_iam_policy.lambda_policy",
            "aws_iam_role.lambda_execution_role",
            "aws_kms_key.main",
            "aws_sns_topic.alerts",
            "aws_verifiedpermissions_policy_store.main"
          ]
        }
      ]
    },
    {
      "mode": "managed",
      "type": "aws_kms_key",
      "name": "main",
      "provider": "provider[\"registry.terraform.io/hashicorp/aws\"]",
      "instances": [
        {
          "schema_version": 0,
          "attributes": {
            "arn": "arn:aws:kms:us-east-1:000000000000:key/bc626504-e4ef-40da-ae48-2ce00b942acb",
            "bypass_policy_lockout_safety_check": false,
            "custom_key_store_id": "",
            "customer_master_key_spec": "SYMMETRIC_DEFAULT",
            "deletion_window_in_days": 7,
            "description": "KMS key for sentiment-chat",
            "enable_key_rotation": true,
            "id": "bc626504-e4ef-40da-ae48-2ce00b942acb",
            "is_enabled": true,
            "key_id": "bc626504-e4ef-40da-ae48-2ce00b942acb",
            "key_usage": "ENCRYPT_DECRYPT",
            "multi_region": false,
            "policy": "{\"Id\":\"key-default-1\",\"Statement\":[{\"Action\":\"kms:*\",\"Effect\":\"Allow\",\"Principal\":{\"AWS\":\"arn:aws:iam::000000000000:root\"},\"Resource\":\"*\",\"Sid\":\"Enable IAM User Permissions\"}],\"Version\":\"2012-10-17\"}",
            "rotation_period_in_days": 365,
            "tags": null,
            "tags_all": {},
            "timeouts": null,
            "xks_key_id": ""
          },
          "sensitive_attributes": [],
          "identity_schema_version": 0,
          "private": "eyJlMmJmYjczMC1lY2FhLTExZTYtOGY4OC0zNDM2M2JjN2M0YzAiOnsiY3JlYXRlIjoxMjAwMDAwMDAwMDB9fQ=="
        }
      ]
    },
    {
      "mode": "managed",
      "type": "aws_memorydb_subnet_group",
      "name": "main",
      "provider": "provider[\"registry.terraform.io/hashicorp/aws\"]",
      "instances": [
        {
          "status": "tainted",
          "schema_version": 0,
          "attributes": {
            "arn": "arn:aws:memorydb:000000000000:us-east-1:subnetgroup/sentiment-chat-subnet-group",
            "description": "Managed by Terraform",
            "id": "sentiment-chat-subnet-group",
            "name": "sentiment-chat-subnet-group",
            "name_prefix": "",
            "subnet_ids": [
              "subnet-930d313530fc5373d",
              "subnet-a3d7630acb2d0a301"
            ],
            "tags": null,
            "tags_all": null,
            "vpc_id": ""
          },
          "sensitive_attributes": [],
          "identity_schema_version": 0,
          "private": "bnVsbA==",
          "dependencies": [
            "aws_subnet.private_a",
            "aws_subnet.private_b",
            "aws_vpc.main"
          ]
        }
      ]
    },
    {
      "mode": "managed",
      "type": "aws_s3_bucket",
      "name": "frontend",
      "provider": "provider[\"registry.terraform.io/hashicorp/aws\"]",
      "instances": [
        {
          "schema_version": 0,
          "attributes": {
            "acceleration_status": "",
            "acl": null,
            "arn": "arn:aws:s3:::sentiment-chat-frontend-c4c93358f58da8af",
            "bucket": "sentiment-chat-frontend-c4c93358f58da8af",
            "bucket_domain_name": "sentiment-chat-frontend-c4c93358f58da8af.s3.amazonaws.com",
            "bucket_prefix": "",
            "bucket_regional_domain_name": "sentiment-chat-frontend-c4c93358f58da8af.s3.us-east-1.amazonaws.com",
            "cors_rule": [],
            "force_destroy": false,
            "grant": [
              {
                "id": "75aa57f09aa0c8caeab4f8c24e99d10f8e7faeebf76c078efc7c6caea54ba06a",
                "permissions": [
                  "FULL_CONTROL"
                ],
                "type": "CanonicalUser",
                "uri": ""
              }
            ],
            "hosted_zone_id": "Z3AQBSTGFYJSTF",
            "id": "sentiment-chat-frontend-c4c93358f58da8af",
            "lifecycle_rule": [],
            "logging": [],
            "object_lock_configuration": [],
            "object_lock_enabled": false,
            "policy": "",
            "region": "us-east-1",
            "replication_configuration": [],
            "request_payer": "BucketOwner",
            "server_side_encryption_configuration": [
              {
                "rule": [
                  {
                    "apply_server_side_encryption_by_default": [
                      {
                        "kms_master_key_id": "",
                        "sse_algorithm": "AES256"
                      }
                    ],
                    "bucket_key_enabled": false
                  }
                ]
              }
            ],
            "tags": {
              "Name": "sentiment-chat-frontend"
            },
            "tags_all": {
              "Name": "sentiment-chat-frontend"
            },
            "timeouts": null,
            "versioning": [
              {
                "enabled": false,
                "mfa_delete": false
              }
            ],
            "website": [],
            "website_domain": null,
            "website_endpoint": null
          },
          "sensitive_attributes": [],
          "identity_schema_version": 0,
          "private": "eyJlMmJmYjczMC1lY2FhLTExZTYtOGY4OC0zNDM2M2JjN2M0YzAiOnsiY3JlYXRlIjoxMjAwMDAwMDAwMDAwLCJkZWxldGUiOjM2MDAwMDAwMDAwMDAsInJlYWQiOjEyMDAwMDAwMDAwMDAsInVwZGF0ZSI6MTIwMDAwMDAwMDAwMH19",
          "dependencies": [
            "random_id.bucket_suffix"
          ]
        }
      ]
    },
    {
      "mode": "managed",
      "type": "aws_s3_bucket_policy",
      "name": "frontend",
      "provider": "provider[\"registry.terraform.io/hashicorp/aws\"]",
      "instances": [
        {
          "schema_version": 0,
          "attributes": {
            "bucket": "sentiment-chat-frontend-c4c93358f58da8af",
            "id": "sentiment-chat-frontend-c4c93358f58da8af",
            "policy": "{\"Statement\":[{\"Action\":\"s3:GetObject\",\"Effect\":\"Allow\",\"Principal\":\"*\",\"Resource\":\"arn:aws:s3:::sentiment-chat-frontend-c4c93358f58da8af/*\",\"Sid\":\"PublicReadGetObject\"}],\"Version\":\"2012-10-17\"}"
          },
          "sensitive_attributes": [],
          "identity_schema_version": 0,
          "private": "bnVsbA==",
          "dependencies": [
            "aws_s3_bucket.frontend",
            "random_id.bucket_suffix"
          ]
        }
      ]
    },
    {
      "mode": "managed",
      "type": "aws_s3_bucket_public_access_block",
      "name": "frontend",
      "provider": "provider[\"registry.terraform.io/hashicorp/aws\"]",
      "instances": [
        {
          "schema_version": 0,
          "attributes": {
            "block_public_acls": false,
            "block_public_policy": false,
            "bucket": "sentiment-chat-frontend-c4c93358f58da8af",
            "id": "sentiment-chat-frontend-c4c93358f58da8af",
            "ignore_public_acls": false,
            "restrict_public_buckets": false
          },
          "sensitive_attributes": [],
          "identity_schema_version": 0,
          "private": "bnVsbA==",
          "dependencies": [
            "aws_s3_bucket.frontend",
            "random_id.bucket_suffix"
          ]
        }
      ]
    },
    {
      "mode": "managed",
      "type": "aws_s3_bucket_website_configuration",
      "name": "frontend",
      "provider": "provider[\"registry.terraform.io/hashicorp/aws\"]",
      "instances": [
        {
          "schema_version": 0,
          "attributes": {
            "bucket": "sentiment-chat-frontend-c4c93358f58da8af",
            "error_document": [],
            "expected_bucket_owner": "",
            "id": "sentiment-chat-frontend-c4c93358f58da8af",
            "index_document": [
              {
                "suffix": "index.html"
              }
            ],
            "redirect_all_requests_to": [],
            "routing_rule": [],
            "routing_rules": "",
            "website_domain": "s3-website-us-east-1.amazonaws.com",
            "website_endpoint": "sentiment-chat-frontend-c4c93358f58da8af.s3-website-us-east-1.amazonaws.com"
          },
          "sensitive_attributes": [],
          "identity_schema_version": 0,
          "private": "bnVsbA==",
          "dependencies": [
            "aws_s3_bucket.frontend",
            "random_id.bucket_suffix"
          ]
        }
      ]
    },
    {
      "mode": "managed",
      "type": "aws_security_group",
      "name": "lambda",
      "provider": "provider[\"registry.terraform.io/hashicorp/aws\"]",
      "instances": [
        {
          "schema_version": 1,
          "attributes": {
            "arn": "arn:aws:ec2:us-east-1:000000000000:security-group/sg-43f864f5f3e20a673",
            "description": "Security group for Lambda functions",
            "egress": [
              {
                "cidr_blocks": [
                  "0.0.0.0/0"
                ],
                "description": "",
                "from_port": 0,
                "ipv6_cidr_blocks": [],
                "prefix_list_ids": [],
                "protocol": "-1",
                "security_groups": [],
                "self": false,
                "to_port": 0
              }
            ],
            "id": "sg-43f864f5f3e20a673",
            "ingress": [],
            "name": "sentiment-chat-lambda-sg",
            "name_prefix": "",
            "owner_id": "000000000000",
            "revoke_rules_on_delete": false,
            "tags": {
              "Name": "sentiment-chat-lambda-sg"
            },
            "tags_all": {
              "Name": "sentiment-chat-lambda-sg"
            },
            "timeouts": null,
            "vpc_id": "vpc-d65953c4227d63ec0"
          },
          "sensitive_attributes": [],
          "identity_schema_version": 0,
          "private": "eyJlMmJmYjczMC1lY2FhLTExZTYtOGY4OC0zNDM2M2JjN2M0YzAiOnsiY3JlYXRlIjo2MDAwMDAwMDAwMDAsImRlbGV0ZSI6OTAwMDAwMDAwMDAwfSwic2NoZW1hX3ZlcnNpb24iOiIxIn0=",
          "dependencies": [
            "aws_vpc.main"
          ]
        }
      ]
    },
    {
      "mode": "managed",
      "type": "aws_security_group",
      "name": "memorydb",
      "provider": "provider[\"registry.terraform.io/hashicorp/aws\"]",
      "instances": [
        {
          "schema_version": 1,
          "attributes": {
            "arn": "arn:aws:ec2:us-east-1:000000000000:security-group/sg-665764d2649405069",
            "description": "Security group for MemoryDB cluster",
            "egress": [
              {
                "cidr_blocks": [
                  "0.0.0.0/0"
                ],
                "description": "",
                "from_port": 0,
                "ipv6_cidr_blocks": [],
                "prefix_list_ids": [],
                "protocol": "-1",
                "security_groups": [],
                "self": false,
                "to_port": 0
              }
            ],
            "id": "sg-665764d2649405069",
            "ingress": [
              {
                "cidr_blocks": [
                  "10.0.0.0/16"
                ],
                "description": "",
                "from_port": 6379,
                "ipv6_cidr_blocks": [],
                "prefix_list_ids": [],
                "protocol": "tcp",
                "security_groups": [],
                "self": false,
                "to_port": 6379
              }
            ],
            "name": "sentiment-chat-memorydb-sg",
            "name_prefix": "",
            "owner_id": "000000000000",
            "revoke_rules_on_delete": false,
            "tags": {
              "Name": "sentiment-chat-memorydb-sg"
            },
            "tags_all": {
              "Name": "sentiment-chat-memorydb-sg"
            },
            "timeouts": null,
            "vpc_id": "vpc-d65953c4227d63ec0"
          },
          "sensitive_attributes": [],
          "identity_schema_version": 0,
          "private": "eyJlMmJmYjczMC1lY2FhLTExZTYtOGY4OC0zNDM2M2JjN2M0YzAiOnsiY3JlYXRlIjo2MDAwMDAwMDAwMDAsImRlbGV0ZSI6OTAwMDAwMDAwMDAwfSwic2NoZW1hX3ZlcnNpb24iOiIxIn0=",
          "dependencies": [
            "aws_vpc.main"
          ]
        }
      ]
    },
    {
      "mode": "managed",
      "type": "aws_sns_topic",
      "name": "alerts",
      "provider": "provider[\"registry.terraform.io/hashicorp/aws\"]",
      "instances": [
        {
          "schema_version": 0,
          "attributes": {
            "application_failure_feedback_role_arn": "",
            "application_success_feedback_role_arn": "",
            "application_success_feedback_sample_rate": 0,
            "archive_policy": "",
            "arn": "arn:aws:sns:us-east-1:000000000000:sentiment-chat-alerts",
            "beginning_archive_time": "",
            "content_based_deduplication": false,
            "delivery_policy": "",
            "display_name": "",
            "fifo_throughput_scope": "",
            "fifo_topic": false,
            "firehose_failure_feedback_role_arn": "",
            "firehose_success_feedback_role_arn": "",
            "firehose_success_feedback_sample_rate": 0,
            "http_failure_feedback_role_arn": "",
            "http_success_feedback_role_arn": "",
            "http_success_feedback_sample_rate": 0,
            "id": "arn:aws:sns:us-east-1:000000000000:sentiment-chat-alerts",
            "kms_master_key_id": "bc626504-e4ef-40da-ae48-2ce00b942acb",
            "lambda_failure_feedback_role_arn": "",
            "lambda_success_feedback_role_arn": "",
            "lambda_success_feedback_sample_rate": 0,
            "name": "sentiment-chat-alerts",
            "name_prefix": "",
            "owner": "000000000000",
            "policy": "{\"Id\":\"__default_policy_ID\",\"Statement\":[{\"Action\":[\"SNS:GetTopicAttributes\",\"SNS:SetTopicAttributes\",\"SNS:AddPermission\",\"SNS:RemovePermission\",\"SNS:DeleteTopic\",\"SNS:Subscribe\",\"SNS:ListSubscriptionsByTopic\",\"SNS:Publish\",\"SNS:Receive\"],\"Condition\":{\"StringEquals\":{\"AWS:SourceOwner\":\"000000000000\"}},\"Effect\":\"Allow\",\"Principal\":{\"AWS\":\"*\"},\"Resource\":\"arn:aws:sns:us-east-1:000000000000:sentiment-chat-alerts\",\"Sid\":\"__default_statement_ID\"}],\"Version\":\"2008-10-17\"}",
            "signature_version": 0,
            "sqs_failure_feedback_role_arn": "",
            "sqs_success_feedback_role_arn": "",
            "sqs_success_feedback_sample_rate": 0,
            "tags": null,
            "tags_all": {},
            "tracing_config": ""
          },
          "sensitive_attributes": [],
          "identity_schema_version": 0,
          "private": "bnVsbA==",
          "dependencies": [
            "aws_kms_key.main"
          ]
        }
      ]
    },
    {
      "mode": "managed",
      "type": "aws_subnet",
      "name": "private_a",
      "provider": "provider[\"registry.terraform.io/hashicorp/aws\"]",
      "instances": [
        {
          "schema_version": 1,
          "attributes": {
            "arn": "arn:aws:ec2:us-east-1:000000000000:subnet/subnet-930d313530fc5373d",
            "assign_ipv6_address_on_creation": false,
            "availability_zone": "us-east-1a",
            "availability_zone_id": "use1-az6",
            "cidr_block": "10.0.1.0/24",
            "customer_owned_ipv4_pool": "",
            "enable_dns64": false,
            "enable_lni_at_device_index": 0,
            "enable_resource_name_dns_a_record_on_launch": false,
            "enable_resource_name_dns_aaaa_record_on_launch": false,
            "id": "subnet-930d313530fc5373d",
            "ipv6_cidr_block": "",
            "ipv6_cidr_block_association_id": "",
            "ipv6_native": false,
            "map_customer_owned_ip_on_launch": false,
            "map_public_ip_on_launch": false,
            "outpost_arn": "",
            "owner_id": "000000000000",
            "private_dns_hostname_type_on_launch": "ip-name",
            "tags": {
              "Name": "sentiment-chat-private-subnet-a"
            },
            "tags_all": {
              "Name": "sentiment-chat-private-subnet-a"
            },
            "timeouts": null,
            "vpc_id": "vpc-d65953c4227d63ec0"
          },
          "sensitive_attributes": [],
          "identity_schema_version": 0,
          "private": "eyJlMmJmYjczMC1lY2FhLTExZTYtOGY4OC0zNDM2M2JjN2M0YzAiOnsiY3JlYXRlIjo2MDAwMDAwMDAwMDAsImRlbGV0ZSI6MTIwMDAwMDAwMDAwMH0sInNjaGVtYV92ZXJzaW9uIjoiMSJ9",
          "dependencies": [
            "aws_vpc.main"
          ]
        }
      ]
    },
    {
      "mode": "managed",
      "type": "aws_subnet",
      "name": "private_b",
      "provider": "provider[\"registry.terraform.io/hashicorp/aws\"]",
      "instances": [
        {
          "schema_version": 1,
          "attributes": {
            "arn": "arn:aws:ec2:us-east-1:000000000000:subnet/subnet-a3d7630acb2d0a301",
            "assign_ipv6_address_on_creation": false,
            "availability_zone": "us-east-1b",
            "availability_zone_id": "use1-az1",
            "cidr_block": "10.0.2.0/24",
            "customer_owned_ipv4_pool": "",
            "enable_dns64": false,
            "enable_lni_at_device_index": 0,
            "enable_resource_name_dns_a_record_on_launch": false,
            "enable_resource_name_dns_aaaa_record_on_launch": false,
            "id": "subnet-a3d7630acb2d0a301",
            "ipv6_cidr_block": "",
            "ipv6_cidr_block_association_id": "",
            "ipv6_native": false,
            "map_customer_owned_ip_on_launch": false,
            "map_public_ip_on_launch": false,
            "outpost_arn": "",
            "owner_id": "000000000000",
            "private_dns_hostname_type_on_launch": "ip-name",
            "tags": {
              "Name": "sentiment-chat-private-subnet-b"
            },
            "tags_all": {
              "Name": "sentiment-chat-private-subnet-b"
            },
            "timeouts": null,
            "vpc_id": "vpc-d65953c4227d63ec0"
          },
          "sensitive_attributes": [],
          "identity_schema_version": 0,
          "private": "eyJlMmJmYjczMC1lY2FhLTExZTYtOGY4OC0zNDM2M2JjN2M0YzAiOnsiY3JlYXRlIjo2MDAwMDAwMDAwMDAsImRlbGV0ZSI6MTIwMDAwMDAwMDAwMH0sInNjaGVtYV92ZXJzaW9uIjoiMSJ9",
          "dependencies": [
            "aws_vpc.main"
          ]
        }
      ]
    },
    {
      "mode": "managed",
      "type": "aws_verifiedpermissions_policy",
      "name": "main",
      "provider": "provider[\"registry.terraform.io/hashicorp/aws\"]",
      "instances": [
        {
          "schema_version": 0,
          "attributes": {
            "created_date": "2025-07-23T10:02:04Z",
            "definition": [
              {
                "static": [
                  {
                    "description": null,
                    "statement": "permit(principal, action, resource);"
                  }
                ],
                "template_linked": []
              }
            ],
            "id": "isLPQVFdDKmi5HtyvtPsFO,kjrxG6vr9x5gbR0ecAPT35",
            "policy_id": "isLPQVFdDKmi5HtyvtPsFO",
            "policy_store_id": "kjrxG6vr9x5gbR0ecAPT35"
          },
          "sensitive_attributes": [],
          "identity_schema_version": 0,
          "dependencies": [
            "aws_verifiedpermissions_policy_store.main"
          ]
        }
      ]
    },
    {
      "mode": "managed",
      "type": "aws_verifiedpermissions_policy_store",
      "name": "main",
      "provider": "provider[\"registry.terraform.io/hashicorp/aws\"]",
      "instances": [
        {
          "schema_version": 0,
          "attributes": {
            "arn": "arn:aws:verifiedpermissions::000000000000:policy-store/kjrxG6vr9x5gbR0ecAPT35",
            "description": null,
            "id": "kjrxG6vr9x5gbR0ecAPT35",
            "policy_store_id": "kjrxG6vr9x5gbR0ecAPT35",
            "tags": null,
            "tags_all": {},
            "validation_settings": [
              {
                "mode": "STRICT"
              }
            ]
          },
          "sensitive_attributes": [],
          "identity_schema_version": 0
        }
      ]
    },
    {
      "mode": "managed",
      "type": "aws_verifiedpermissions_schema",
      "name": "main",
      "provider": "provider[\"registry.terraform.io/hashicorp/aws\"]",
      "instances": [
        {
          "schema_version": 0,
          "attributes": {
            "definition": {
              "value": "{\n    \"sentiment-chat\": {\n        \"entityTypes\": {\n            \"User\": {\n                \"memberOfTypes\": [\n                    \"Application\"\n                ],\n                \"shape\": {\n                    \"type\": \"Record\",\n                    \"attributes\": {\n                        \"name\": {\n                            \"type\": \"String\",\n                            \"required\": true\n                        }\n                    }\n                }\n            },\n            \"Application\": {}\n        },\n        \"actions\": {\n            \"connect\": {\n                \"appliesTo\": {\n                    \"principalTypes\": [\n                        \"User\"\n                    ],\n                    \"resourceTypes\": [\n                        \"Application\"\n                    ]\n                }\n            },\n            \"sendMessage\": {\n                \"appliesTo\": {\n                    \"principalTypes\": [\n                        \"User\"\n                    ],\n                    \"resourceTypes\": [\n                        \"Application\"\n                    ]\n                }\n            }\n        }\n    }\n}\n"
            },
            "id": "kjrxG6vr9x5gbR0ecAPT35",
            "namespaces": [
              "sentiment-chat"
            ],
            "policy_store_id": "kjrxG6vr9x5gbR0ecAPT35"
          },
          "sensitive_attributes": [],
          "identity_schema_version": 0,
          "dependencies": [
            "aws_verifiedpermissions_policy_store.main"
          ]
        }
      ]
    },
    {
      "mode": "managed",
      "type": "aws_vpc",
      "name": "main",
      "provider": "provider[\"registry.terraform.io/hashicorp/aws\"]",
      "instances": [
        {
          "schema_version": 1,
          "attributes": {
            "arn": "arn:aws:ec2:us-east-1:000000000000:vpc/vpc-d65953c4227d63ec0",
            "assign_generated_ipv6_cidr_block": false,
            "cidr_block": "10.0.0.0/16",
            "default_network_acl_id": "acl-6aaf3d9f599268637",
            "default_route_table_id": "rtb-b3652216deaf7e30a",
            "default_security_group_id": "sg-90d3651255b57012e",
            "dhcp_options_id": "default",
            "enable_dns_hostnames": false,
            "enable_dns_support": true,
            "enable_network_address_usage_metrics": false,
            "id": "vpc-d65953c4227d63ec0",
            "instance_tenancy": "default",
            "ipv4_ipam_pool_id": null,
            "ipv4_netmask_length": null,
            "ipv6_association_id": "",
            "ipv6_cidr_block": "",
            "ipv6_cidr_block_network_border_group": "",
            "ipv6_ipam_pool_id": "",
            "ipv6_netmask_length": 0,
            "main_route_table_id": "rtb-b3652216deaf7e30a",
            "owner_id": "000000000000",
            "tags": {
              "Name": "sentiment-chat-vpc"
            },
            "tags_all": {
              "Name": "sentiment-chat-vpc"
            }
          },
          "sensitive_attributes": [],
          "identity_schema_version": 0,
          "private": "eyJzY2hlbWFfdmVyc2lvbiI6IjEifQ=="
        }
      ]
    },
    {
      "mode": "managed",
      "type": "random_id",
      "name": "bucket_suffix",
      "provider": "provider[\"registry.terraform.io/hashicorp/random\"]",
      "instances": [
        {
          "schema_version": 0,
          "attributes": {
            "b64_std": "xMkzWPWNqK8=",
            "b64_url": "xMkzWPWNqK8",
            "byte_length": 8,
            "dec": "14179921358922557615",
            "hex": "c4c93358f58da8af",
            "id": "xMkzWPWNqK8",
            "keepers": null,
            "prefix": null
          },
          "sensitive_attributes": [],
          "identity_schema_version": 0
        }
      ]
    }
  ],
  "check_results": null
}
